
Microsoft Visual Studio Solution File, Format Version 12.00
# Visual Studio Version 16
VisualStudioVersion = 16.0.31112.23
MinimumVisualStudioVersion = 10.0.40219.1
Project("{FAE04EC0-301F-11D3-BF4B-00C04F79EFBC}") = "TestApi", "TestApi\TestApi.csproj", "{5F6F24CD-0771-4553-985B-95D34392BD5D}"
EndProject
Global
	GlobalSection(SolutionConfigurationPlatforms) = preSolution
		Debug|Any CPU = Debug|Any CPU
		Release|Any CPU = Release|Any CPU
	EndGlobalSection
	GlobalSection(ProjectConfigurationPlatforms) = postSolution
		{5F6F24CD-0771-4553-985B-95D34392BD5D}.Debug|Any CPU.ActiveCfg = Debug|Any CPU
		{5F6F24CD-0771-4553-985B-95D34392BD5D}.Debug|Any CPU.Build.0 = Debug|Any CPU
		{5F6F24CD-0771-4553-985B-95D34392BD5D}.Release|Any CPU.ActiveCfg = Release|Any CPU
		{5F6F24CD-0771-4553-985B-95D34392BD5D}.Release|Any CPU.Build.0 = Release|Any CPU
	EndGlobalSection
	GlobalSection(SolutionProperties) = preSolution
		HideSolutionNode = FALSE
	EndGlobalSection
	GlobalSection(ExtensibilityGlobals) = postSolution
		SolutionGuid = {C247F58C-F1F6-4683-9784-4648D5E37885}
	EndGlobalSection
EndGlobal
